# THIS IS AN AUTOGENERATED FILE. DO NOT EDIT THIS FILE DIRECTLY.
# yarn lockfile v1


stylic@^0.0.1:
  version "0.0.1"
  resolved "https://registry.yarnpkg.com/stylic/-/stylic-0.0.1.tgz#b4f5b36ba4562ed7fe8c404a310b225ace3203a8"
  integrity sha512-1Vm9R3F+eLrs/3n9+qZG8Y/OZqrZgnOVxk2rLBW6he4f58OSiyqsE/NjLnfQu1XK5WbtQEQgHCDHafdOqI29hg==
